
Microsoft Visual Studio Solution File, Format Version 12.00
# Visual Studio 15
VisualStudioVersion = 15.0.36001.139
MinimumVisualStudioVersion = 10.0.40219.1
Project("{FAE04EC0-301F-11D3-BF4B-00C04F79EFBC}") = "IFE", "UUTManager\IFE.csproj", "{5245230B-E3EA-4245-AFFD-F23E37C38AF6}"
EndProject
Global
	GlobalSection(SolutionConfigurationPlatforms) = preSolution
		Debug|Any CPU = Debug|Any CPU
		Release|Any CPU = Release|Any CPU
	EndGlobalSection
	GlobalSection(ProjectConfigurationPlatforms) = postSolution
		{5245230B-E3EA-4245-AFFD-F23E37C38AF6}.Debug|Any CPU.ActiveCfg = Debug|Any CPU
		{5245230B-E3EA-4245-AFFD-F23E37C38AF6}.Debug|Any CPU.Build.0 = Debug|Any CPU
		{5245230B-E3EA-4245-AFFD-F23E37C38AF6}.Release|Any CPU.ActiveCfg = Release|Any CPU
		{5245230B-E3EA-4245-AFFD-F23E37C38AF6}.Release|Any CPU.Build.0 = Release|Any CPU
	EndGlobalSection
	GlobalSection(SolutionProperties) = preSolution
		HideSolutionNode = FALSE
	EndGlobalSection
	GlobalSection(ExtensibilityGlobals) = postSolution
		SolutionGuid = {841BDBCF-B534-4BA7-B63A-92D8599C5BE0}
	EndGlobalSection
EndGlobal
