
Microsoft Visual Studio Solution File, Format Version 12.00
# Visual Studio Version 17
VisualStudioVersion = 17.13.35825.156 d17.13
MinimumVisualStudioVersion = 10.0.40219.1
Project("{FAE04EC0-301F-11D3-BF4B-00C04F79EFBC}") = "DLLTester", "DLLTester\DLLTester.csproj", "{7933C70A-0630-4C75-988D-F786CBFE2F4F}"
EndProject
Project("{FAE04EC0-301F-11D3-BF4B-00C04F79EFBC}") = "Hexapod", "..\Sources\Stage\Hexapod\Sources\DLL\Hexapod.csproj", "{C8A5B90B-B008-4BDA-B1D9-DED9B0DABB22}"
EndProject
Global
	GlobalSection(SolutionConfigurationPlatforms) = preSolution
		Debug|Any CPU = Debug|Any CPU
		Release|Any CPU = Release|Any CPU
	EndGlobalSection
	GlobalSection(ProjectConfigurationPlatforms) = postSolution
		{7933C70A-0630-4C75-988D-F786CBFE2F4F}.Debug|Any CPU.ActiveCfg = Debug|Any CPU
		{7933C70A-0630-4C75-988D-F786CBFE2F4F}.Debug|Any CPU.Build.0 = Debug|Any CPU
		{7933C70A-0630-4C75-988D-F786CBFE2F4F}.Release|Any CPU.ActiveCfg = Release|Any CPU
		{7933C70A-0630-4C75-988D-F786CBFE2F4F}.Release|Any CPU.Build.0 = Release|Any CPU
		{C8A5B90B-B008-4BDA-B1D9-DED9B0DABB22}.Debug|Any CPU.ActiveCfg = Debug|Any CPU
		{C8A5B90B-B008-4BDA-B1D9-DED9B0DABB22}.Debug|Any CPU.Build.0 = Debug|Any CPU
		{C8A5B90B-B008-4BDA-B1D9-DED9B0DABB22}.Release|Any CPU.ActiveCfg = Release|Any CPU
		{C8A5B90B-B008-4BDA-B1D9-DED9B0DABB22}.Release|Any CPU.Build.0 = Release|Any CPU
	EndGlobalSection
	GlobalSection(SolutionProperties) = preSolution
		HideSolutionNode = FALSE
	EndGlobalSection
	GlobalSection(ExtensibilityGlobals) = postSolution
		SolutionGuid = {F71F1246-087D-49C1-B4A3-CBEFB2033ABB}
	EndGlobalSection
EndGlobal
